
Microsoft Visual Studio Solution File, Format Version 11.00
# Visual Studio 2010
Project("{FAE04EC0-301F-11D3-BF4B-00C04F79EFBC}") = "Assembly-CSharp", "Assembly-CSharp.csproj", "{665da80f-4c60-fe17-5755-e82f955d458b}"
EndProject
Global
	GlobalSection(SolutionConfigurationPlatforms) = preSolution
		Debug|Any CPU = Debug|Any CPU
		Release|Any CPU = Release|Any CPU
	EndGlobalSection
	GlobalSection(ProjectConfigurationPlatforms) = postSolution
		{665da80f-4c60-fe17-5755-e82f955d458b}.Debug|Any CPU.ActiveCfg = Debug|Any CPU
		{665da80f-4c60-fe17-5755-e82f955d458b}.Debug|Any CPU.Build.0 = Debug|Any CPU
		{665da80f-4c60-fe17-5755-e82f955d458b}.Release|Any CPU.ActiveCfg = Release|Any CPU
		{665da80f-4c60-fe17-5755-e82f955d458b}.Release|Any CPU.Build.0 = Release|Any CPU
	EndGlobalSection
	GlobalSection(SolutionProperties) = preSolution
		HideSolutionNode = FALSE
	EndGlobalSection
EndGlobal
